// !$*UTF8*$!
{
	archiveVersion = 1;
	classes = {
	};
	objectVersion = 56;
	objects = {

/* Begin PBXBuildFile section */
		6735C7602A9B05E50054FF2B /* AppDelegate.swift in Sources */ = {isa = PBXBuildFile; fileRef = 6735C75F2A9B05E50054FF2B /* AppDelegate.swift */; };
		6735C7622A9B05E50054FF2B /* SceneDelegate.swift in Sources */ = {isa = PBXBuildFile; fileRef = 6735C7612A9B05E50054FF2B /* SceneDelegate.swift */; };
		6735C7642A9B05E50054FF2B /* ViewController.swift in Sources */ = {isa = PBXBuildFile; fileRef = 6735C7632A9B05E50054FF2B /* ViewController.swift */; };
		6735C7672A9B05E50054FF2B /* Main.storyboard in Resources */ = {isa = PBXBuildFile; fileRef = 6735C7652A9B05E50054FF2B /* Main.storyboard */; };
		6735C7692A9B05E60054FF2B /* Assets.xcassets in Resources */ = {isa = PBXBuildFile; fileRef = 6735C7682A9B05E60054FF2B /* Assets.xcassets */; };
		6735C76C2A9B05E60054FF2B /* LaunchScreen.storyboard in Resources */ = {isa = PBXBuildFile; fileRef = 6735C76A2A9B05E60054FF2B /* LaunchScreen.storyboard */; };
		6735C7742A9B09200054FF2B /* ToDoTableViewCell.swift in Sources */ = {isa = PBXBuildFile; fileRef = 6735C7732A9B09200054FF2B /* ToDoTableViewCell.swift */; };
		6735C7762A9B094D0054FF2B /* ToDoViewController.swift in Sources */ = {isa = PBXBuildFile; fileRef = 6735C7752A9B094D0054FF2B /* ToDoViewController.swift */; };
		6735C7782A9B095D0054FF2B /* DoneViewController.swift in Sources */ = {isa = PBXBuildFile; fileRef = 6735C7772A9B095D0054FF2B /* DoneViewController.swift */; };
		6735C77C2A9B099D0054FF2B /* ListModel.swift in Sources */ = {isa = PBXBuildFile; fileRef = 6735C77B2A9B099D0054FF2B /* ListModel.swift */; };
		6735C77F2A9C7DBD0054FF2B /* DoneTableViewCell.swift in Sources */ = {isa = PBXBuildFile; fileRef = 6735C77E2A9C7DBD0054FF2B /* DoneTableViewCell.swift */; };
		6735C7812A9C8BD70054FF2B /* ImageData.swift in Sources */ = {isa = PBXBuildFile; fileRef = 6735C7802A9C8BD70054FF2B /* ImageData.swift */; };
		6761AA022A9F06360098B480 /* FuncModel.swift in Sources */ = {isa = PBXBuildFile; fileRef = 6761AA012A9F06360098B480 /* FuncModel.swift */; };
		67DBD8CD2AA035DD00208F61 /* URLModel.swift in Sources */ = {isa = PBXBuildFile; fileRef = 67DBD8CC2AA035DD00208F61 /* URLModel.swift */; };
/* End PBXBuildFile section */

/* Begin PBXFileReference section */
		6735C75C2A9B05E50054FF2B /* ToDoList.app */ = {isa = PBXFileReference; explicitFileType = wrapper.application; includeInIndex = 0; path = ToDoList.app; sourceTree = BUILT_PRODUCTS_DIR; };
		6735C75F2A9B05E50054FF2B /* AppDelegate.swift */ = {isa = PBXFileReference; lastKnownFileType = sourcecode.swift; path = AppDelegate.swift; sourceTree = "<group>"; };
		6735C7612A9B05E50054FF2B /* SceneDelegate.swift */ = {isa = PBXFileReference; lastKnownFileType = sourcecode.swift; path = SceneDelegate.swift; sourceTree = "<group>"; };
		6735C7632A9B05E50054FF2B /* ViewController.swift */ = {isa = PBXFileReference; lastKnownFileType = sourcecode.swift; path = ViewController.swift; sourceTree = "<group>"; };
		6735C7662A9B05E50054FF2B /* Base */ = {isa = PBXFileReference; lastKnownFileType = file.storyboard; name = Base; path = Base.lproj/Main.storyboard; sourceTree = "<group>"; };
		6735C7682A9B05E60054FF2B /* Assets.xcassets */ = {isa = PBXFileReference; lastKnownFileType = folder.assetcatalog; path = Assets.xcassets; sourceTree = "<group>"; };
		6735C76B2A9B05E60054FF2B /* Base */ = {isa = PBXFileReference; lastKnownFileType = file.storyboard; name = Base; path = Base.lproj/LaunchScreen.storyboard; sourceTree = "<group>"; };
		6735C76D2A9B05E60054FF2B /* Info.plist */ = {isa = PBXFileReference; lastKnownFileType = text.plist.xml; path = Info.plist; sourceTree = "<group>"; };
		6735C7732A9B09200054FF2B /* ToDoTableViewCell.swift */ = {isa = PBXFileReference; lastKnownFileType = sourcecode.swift; path = ToDoTableViewCell.swift; sourceTree = "<group>"; };
		6735C7752A9B094D0054FF2B /* ToDoViewController.swift */ = {isa = PBXFileReference; lastKnownFileType = sourcecode.swift; path = ToDoViewController.swift; sourceTree = "<group>"; };
		6735C7772A9B095D0054FF2B /* DoneViewController.swift */ = {isa = PBXFileReference; lastKnownFileType = sourcecode.swift; path = DoneViewController.swift; sourceTree = "<group>"; };
		6735C77B2A9B099D0054FF2B /* ListModel.swift */ = {isa = PBXFileReference; lastKnownFileType = sourcecode.swift; path = ListModel.swift; sourceTree = "<group>"; };
		6735C77E2A9C7DBD0054FF2B /* DoneTableViewCell.swift */ = {isa = PBXFileReference; lastKnownFileType = sourcecode.swift; path = DoneTableViewCell.swift; sourceTree = "<group>"; };
		6735C7802A9C8BD70054FF2B /* ImageData.swift */ = {isa = PBXFileReference; lastKnownFileType = sourcecode.swift; path = ImageData.swift; sourceTree = "<group>"; };
		6761AA012A9F06360098B480 /* FuncModel.swift */ = {isa = PBXFileReference; lastKnownFileType = sourcecode.swift; path = FuncModel.swift; sourceTree = "<group>"; };
		67DBD8CC2AA035DD00208F61 /* URLModel.swift */ = {isa = PBXFileReference; lastKnownFileType = sourcecode.swift; path = URLModel.swift; sourceTree = "<group>"; };
/* End PBXFileReference section */

/* Begin PBXFrameworksBuildPhase section */
		6735C7592A9B05E50054FF2B /* Frameworks */ = {
			isa = PBXFrameworksBuildPhase;
			buildActionMask = 2147483647;
			files = (
			);
			runOnlyForDeploymentPostprocessing = 0;
		};
/* End PBXFrameworksBuildPhase section */

/* Begin PBXGroup section */
		6735C7532A9B05E50054FF2B = {
			isa = PBXGroup;
			children = (
				6735C75E2A9B05E50054FF2B /* ToDoList */,
				6735C75D2A9B05E50054FF2B /* Products */,
			);
			sourceTree = "<group>";
		};
		6735C75D2A9B05E50054FF2B /* Products */ = {
			isa = PBXGroup;
			children = (
				6735C75C2A9B05E50054FF2B /* ToDoList.app */,
			);
			name = Products;
			sourceTree = "<group>";
		};
		6735C75E2A9B05E50054FF2B /* ToDoList */ = {
			isa = PBXGroup;
			children = (
				6735C75F2A9B05E50054FF2B /* AppDelegate.swift */,
				6735C7612A9B05E50054FF2B /* SceneDelegate.swift */,
				6735C77D2A9B09A20054FF2B /* Model */,
				6735C77A2A9B097F0054FF2B /* View */,
				6735C7792A9B096C0054FF2B /* Controller */,
				6735C7682A9B05E60054FF2B /* Assets.xcassets */,
				6735C76A2A9B05E60054FF2B /* LaunchScreen.storyboard */,
				6735C76D2A9B05E60054FF2B /* Info.plist */,
			);
			path = ToDoList;
			sourceTree = "<group>";
		};
		6735C7792A9B096C0054FF2B /* Controller */ = {
			isa = PBXGroup;
			children = (
				6735C7632A9B05E50054FF2B /* ViewController.swift */,
				6735C7752A9B094D0054FF2B /* ToDoViewController.swift */,
				6735C7732A9B09200054FF2B /* ToDoTableViewCell.swift */,
				6735C7772A9B095D0054FF2B /* DoneViewController.swift */,
				6735C77E2A9C7DBD0054FF2B /* DoneTableViewCell.swift */,
			);
			path = Controller;
			sourceTree = "<group>";
		};
		6735C77A2A9B097F0054FF2B /* View */ = {
			isa = PBXGroup;
			children = (
				6735C7652A9B05E50054FF2B /* Main.storyboard */,
			);
			path = View;
			sourceTree = "<group>";
		};
		6735C77D2A9B09A20054FF2B /* Model */ = {
			isa = PBXGroup;
			children = (
				6735C77B2A9B099D0054FF2B /* ListModel.swift */,
				6761AA012A9F06360098B480 /* FuncModel.swift */,
				67DBD8CC2AA035DD00208F61 /* URLModel.swift */,
				6735C7802A9C8BD70054FF2B /* ImageData.swift */,
			);
			path = Model;
			sourceTree = "<group>";
		};
/* End PBXGroup section */

/* Begin PBXNativeTarget section */
		6735C75B2A9B05E50054FF2B /* ToDoList */ = {
			isa = PBXNativeTarget;
			buildConfigurationList = 6735C7702A9B05E60054FF2B /* Build configuration list for PBXNativeTarget "ToDoList" */;
			buildPhases = (
				6735C7582A9B05E50054FF2B /* Sources */,
				6735C7592A9B05E50054FF2B /* Frameworks */,
				6735C75A2A9B05E50054FF2B /* Resources */,
			);
			buildRules = (
			);
			dependencies = (
			);
			name = ToDoList;
			productName = ToDoList;
			productReference = 6735C75C2A9B05E50054FF2B /* ToDoList.app */;
			productType = "com.apple.product-type.application";
		};
/* End PBXNativeTarget section */

/* Begin PBXProject section */
		6735C7542A9B05E50054FF2B /* Project object */ = {
			isa = PBXProject;
			attributes = {
				BuildIndependentTargetsInParallel = 1;
				LastSwiftUpdateCheck = 1430;
				LastUpgradeCheck = 1430;
				TargetAttributes = {
					6735C75B2A9B05E50054FF2B = {
						CreatedOnToolsVersion = 14.3;
					};
				};
			};
			buildConfigurationList = 6735C7572A9B05E50054FF2B /* Build configuration list for PBXProject "ToDoList" */;
			compatibilityVersion = "Xcode 14.0";
			developmentRegion = en;
			hasScannedForEncodings = 0;
			knownRegions = (
				en,
				Base,
			);
			mainGroup = 6735C7532A9B05E50054FF2B;
			productRefGroup = 6735C75D2A9B05E50054FF2B /* Products */;
			projectDirPath = "";
			projectRoot = "";
			targets = (
				6735C75B2A9B05E50054FF2B /* ToDoList */,
			);
		};
/* End PBXProject section */

/* Begin PBXResourcesBuildPhase section */
		6735C75A2A9B05E50054FF2B /* Resources */ = {
			isa = PBXResourcesBuildPhase;
			buildActionMask = 2147483647;
			files = (
				6735C76C2A9B05E60054FF2B /* LaunchScreen.storyboard in Resources */,
				6735C7692A9B05E60054FF2B /* Assets.xcassets in Resources */,
				6735C7672A9B05E50054FF2B /* Main.storyboard in Resources */,
			);
			runOnlyForDeploymentPostprocessing = 0;
		};
/* End PBXResourcesBuildPhase section */

/* Begin PBXSourcesBuildPhase section */
		6735C7582A9B05E50054FF2B /* Sources */ = {
			isa = PBXSourcesBuildPhase;
			buildActionMask = 2147483647;
			files = (
				6735C7762A9B094D0054FF2B /* ToDoViewController.swift in Sources */,
				6735C7642A9B05E50054FF2B /* ViewController.swift in Sources */,
				6735C7742A9B09200054FF2B /* ToDoTableViewCell.swift in Sources */,
				6735C77F2A9C7DBD0054FF2B /* DoneTableViewCell.swift in Sources */,
				6735C7602A9B05E50054FF2B /* AppDelegate.swift in Sources */,
				6735C7812A9C8BD70054FF2B /* ImageData.swift in Sources */,
				6761AA022A9F06360098B480 /* FuncModel.swift in Sources */,
				6735C77C2A9B099D0054FF2B /* ListModel.swift in Sources */,
				6735C7782A9B095D0054FF2B /* DoneViewController.swift in Sources */,
				6735C7622A9B05E50054FF2B /* SceneDelegate.swift in Sources */,
				67DBD8CD2AA035DD00208F61 /* URLModel.swift in Sources */,
			);
			runOnlyForDeploymentPostprocessing = 0;
		};
/* End PBXSourcesBuildPhase section */

/* Begin PBXVariantGroup section */
		6735C7652A9B05E50054FF2B /* Main.storyboard */ = {
			isa = PBXVariantGroup;
			children = (
				6735C7662A9B05E50054FF2B /* Base */,
			);
			name = Main.storyboard;
			sourceTree = "<group>";
		};
		6735C76A2A9B05E60054FF2B /* LaunchScreen.storyboard */ = {
			isa = PBXVariantGroup;
			children = (
				6735C76B2A9B05E60054FF2B /* Base */,
			);
			name = LaunchScreen.storyboard;
			sourceTree = "<group>";
		};
/* End PBXVariantGroup section */

/* Begin XCBuildConfiguration section */
		6735C76E2A9B05E60054FF2B /* Debug */ = {
			isa = XCBuildConfiguration;
			buildSettings = {
				ALWAYS_SEARCH_USER_PATHS = NO;
				CLANG_ANALYZER_NONNULL = YES;
				CLANG_ANALYZER_NUMBER_OBJECT_CONVERSION = YES_AGGRESSIVE;
				CLANG_CXX_LANGUAGE_STANDARD = "gnu++20";
				CLANG_ENABLE_MODULES = YES;
				CLANG_ENABLE_OBJC_ARC = YES;
				CLANG_ENABLE_OBJC_WEAK = YES;
				CLANG_WARN_BLOCK_CAPTURE_AUTORELEASING = YES;
				CLANG_WARN_BOOL_CONVERSION = YES;
				CLANG_WARN_COMMA = YES;
				CLANG_WARN_CONSTANT_CONVERSION = YES;
				CLANG_WARN_DEPRECATED_OBJC_IMPLEMENTATIONS = YES;
				CLANG_WARN_DIRECT_OBJC_ISA_USAGE = YES_ERROR;
				CLANG_WARN_DOCUMENTATION_COMMENTS = YES;
				CLANG_WARN_EMPTY_BODY = YES;
				CLANG_WARN_ENUM_CONVERSION = YES;
				CLANG_WARN_INFINITE_RECURSION = YES;
				CLANG_WARN_INT_CONVERSION = YES;
				CLANG_WARN_NON_LITERAL_NULL_CONVERSION = YES;
				CLANG_WARN_OBJC_IMPLICIT_RETAIN_SELF = YES;
				CLANG_WARN_OBJC_LITERAL_CONVERSION = YES;
				CLANG_WARN_OBJC_ROOT_CLASS = YES_ERROR;
				CLANG_WARN_QUOTED_INCLUDE_IN_FRAMEWORK_HEADER = YES;
				CLANG_WARN_RANGE_LOOP_ANALYSIS = YES;
				CLANG_WARN_STRICT_PROTOTYPES = YES;
				CLANG_WARN_SUSPICIOUS_MOVE = YES;
				CLANG_WARN_UNGUARDED_AVAILABILITY = YES_AGGRESSIVE;
				CLANG_WARN_UNREACHABLE_CODE = YES;
				CLANG_WARN__DUPLICATE_METHOD_MATCH = YES;
				COPY_PHASE_STRIP = NO;
				DEBUG_INFORMATION_FORMAT = dwarf;
				ENABLE_STRICT_OBJC_MSGSEND = YES;
				ENABLE_TESTABILITY = YES;
				GCC_C_LANGUAGE_STANDARD = gnu11;
				GCC_DYNAMIC_NO_PIC = NO;
				GCC_NO_COMMON_BLOCKS = YES;
				GCC_OPTIMIZATION_LEVEL = 0;
				GCC_PREPROCESSOR_DEFINITIONS = (
					"DEBUG=1",
					"$(inherited)",
				);
				GCC_WARN_64_TO_32_BIT_CONVERSION = YES;
				GCC_WARN_ABOUT_RETURN_TYPE = YES_ERROR;
				GCC_WARN_UNDECLARED_SELECTOR = YES;
				GCC_WARN_UNINITIALIZED_AUTOS = YES_AGGRESSIVE;
				GCC_WARN_UNUSED_FUNCTION = YES;
				GCC_WARN_UNUSED_VARIABLE = YES;
				IPHONEOS_DEPLOYMENT_TARGET = 16.4;
				MTL_ENABLE_DEBUG_INFO = INCLUDE_SOURCE;
				MTL_FAST_MATH = YES;
				ONLY_ACTIVE_ARCH = YES;
				SDKROOT = iphoneos;
				SWIFT_ACTIVE_COMPILATION_CONDITIONS = DEBUG;
				SWIFT_OPTIMIZATION_LEVEL = "-Onone";
			};
			name = Debug;
		};
		6735C76F2A9B05E60054FF2B /* Release */ = {
			isa = XCBuildConfiguration;
			buildSettings = {
				ALWAYS_SEARCH_USER_PATHS = NO;
				CLANG_ANALYZER_NONNULL = YES;
				CLANG_ANALYZER_NUMBER_OBJECT_CONVERSION = YES_AGGRESSIVE;
				CLANG_CXX_LANGUAGE_STANDARD = "gnu++20";
				CLANG_ENABLE_MODULES = YES;
				CLANG_ENABLE_OBJC_ARC = YES;
				CLANG_ENABLE_OBJC_WEAK = YES;
				CLANG_WARN_BLOCK_CAPTURE_AUTORELEASING = YES;
				CLANG_WARN_BOOL_CONVERSION = YES;
				CLANG_WARN_COMMA = YES;
				CLANG_WARN_CONSTANT_CONVERSION = YES;
				CLANG_WARN_DEPRECATED_OBJC_IMPLEMENTATIONS = YES;
				CLANG_WARN_DIRECT_OBJC_ISA_USAGE = YES_ERROR;
				CLANG_WARN_DOCUMENTATION_COMMENTS = YES;
				CLANG_WARN_EMPTY_BODY = YES;
				CLANG_WARN_ENUM_CONVERSION = YES;
				CLANG_WARN_INFINITE_RECURSION = YES;
				CLANG_WARN_INT_CONVERSION = YES;
				CLANG_WARN_NON_LITERAL_NULL_CONVERSION = YES;
				CLANG_WARN_OBJC_IMPLICIT_RETAIN_SELF = YES;
				CLANG_WARN_OBJC_LITERAL_CONVERSION = YES;
				CLANG_WARN_OBJC_ROOT_CLASS = YES_ERROR;
				CLANG_WARN_QUOTED_INCLUDE_IN_FRAMEWORK_HEADER = YES;
				CLANG_WARN_RANGE_LOOP_ANALYSIS = YES;
				CLANG_WARN_STRICT_PROTOTYPES = YES;
				CLANG_WARN_SUSPICIOUS_MOVE = YES;
				CLANG_WARN_UNGUARDED_AVAILABILITY = YES_AGGRESSIVE;
				CLANG_WARN_UNREACHABLE_CODE = YES;
				CLANG_WARN__DUPLICATE_METHOD_MATCH = YES;
				COPY_PHASE_STRIP = NO;
				DEBUG_INFORMATION_FORMAT = "dwarf-with-dsym";
				ENABLE_NS_ASSERTIONS = NO;
				ENABLE_STRICT_OBJC_MSGSEND = YES;
				GCC_C_LANGUAGE_STANDARD = gnu11;
				GCC_NO_COMMON_BLOCKS = YES;
				GCC_WARN_64_TO_32_BIT_CONVERSION = YES;
				GCC_WARN_ABOUT_RETURN_TYPE = YES_ERROR;
				GCC_WARN_UNDECLARED_SELECTOR = YES;
				GCC_WARN_UNINITIALIZED_AUTOS = YES_AGGRESSIVE;
				GCC_WARN_UNUSED_FUNCTION = YES;
				GCC_WARN_UNUSED_VARIABLE = YES;
				IPHONEOS_DEPLOYMENT_TARGET = 16.4;
				MTL_ENABLE_DEBUG_INFO = NO;
				MTL_FAST_MATH = YES;
				SDKROOT = iphoneos;
				SWIFT_COMPILATION_MODE = wholemodule;
				SWIFT_OPTIMIZATION_LEVEL = "-O";
				VALIDATE_PRODUCT = YES;
			};
			name = Release;
		};
		6735C7712A9B05E60054FF2B /* Debug */ = {
			isa = XCBuildConfiguration;
			buildSettings = {
				ASSETCATALOG_COMPILER_APPICON_NAME = AppIcon;
				ASSETCATALOG_COMPILER_GLOBAL_ACCENT_COLOR_NAME = AccentColor;
				CODE_SIGN_STYLE = Automatic;
				CURRENT_PROJECT_VERSION = 1;
				DEVELOPMENT_TEAM = Y9U32NW3Q6;
				GENERATE_INFOPLIST_FILE = YES;
				INFOPLIST_FILE = ToDoList/Info.plist;
				INFOPLIST_KEY_UIApplicationSupportsIndirectInputEvents = YES;
				INFOPLIST_KEY_UILaunchStoryboardName = LaunchScreen;
				INFOPLIST_KEY_UIMainStoryboardFile = Main;
				INFOPLIST_KEY_UISupportedInterfaceOrientations_iPad = "UIInterfaceOrientationPortrait UIInterfaceOrientationPortraitUpsideDown UIInterfaceOrientationLandscapeLeft UIInterfaceOrientationLandscapeRight";
				INFOPLIST_KEY_UISupportedInterfaceOrientations_iPhone = "UIInterfaceOrientationPortrait UIInterfaceOrientationLandscapeLeft UIInterfaceOrientationLandscapeRight";
				LD_RUNPATH_SEARCH_PATHS = (
					"$(inherited)",
					"@executable_path/Frameworks",
				);
				MARKETING_VERSION = 1.0;
				PRODUCT_BUNDLE_IDENTIFIER = LeeHanSol.ToDoList;
				PRODUCT_NAME = "$(TARGET_NAME)";
				SWIFT_EMIT_LOC_STRINGS = YES;
				SWIFT_VERSION = 5.0;
				TARGETED_DEVICE_FAMILY = "1,2";
			};
			name = Debug;
		};
		6735C7722A9B05E60054FF2B /* Release */ = {
			isa = XCBuildConfiguration;
			buildSettings = {
				ASSETCATALOG_COMPILER_APPICON_NAME = AppIcon;
				ASSETCATALOG_COMPILER_GLOBAL_ACCENT_COLOR_NAME = AccentColor;
				CODE_SIGN_STYLE = Automatic;
				CURRENT_PROJECT_VERSION = 1;
				DEVELOPMENT_TEAM = Y9U32NW3Q6;
				GENERATE_INFOPLIST_FILE = YES;
				INFOPLIST_FILE = ToDoList/Info.plist;
				INFOPLIST_KEY_UIApplicationSupportsIndirectInputEvents = YES;
				INFOPLIST_KEY_UILaunchStoryboardName = LaunchScreen;
				INFOPLIST_KEY_UIMainStoryboardFile = Main;
				INFOPLIST_KEY_UISupportedInterfaceOrientations_iPad = "UIInterfaceOrientationPortrait UIInterfaceOrientationPortraitUpsideDown UIInterfaceOrientationLandscapeLeft UIInterfaceOrientationLandscapeRight";
				INFOPLIST_KEY_UISupportedInterfaceOrientations_iPhone = "UIInterfaceOrientationPortrait UIInterfaceOrientationLandscapeLeft UIInterfaceOrientationLandscapeRight";
				LD_RUNPATH_SEARCH_PATHS = (
					"$(inherited)",
					"@executable_path/Frameworks",
				);
				MARKETING_VERSION = 1.0;
				PRODUCT_BUNDLE_IDENTIFIER = LeeHanSol.ToDoList;
				PRODUCT_NAME = "$(TARGET_NAME)";
				SWIFT_EMIT_LOC_STRINGS = YES;
				SWIFT_VERSION = 5.0;
				TARGETED_DEVICE_FAMILY = "1,2";
			};
			name = Release;
		};
/* End XCBuildConfiguration section */

/* Begin XCConfigurationList section */
		6735C7572A9B05E50054FF2B /* Build configuration list for PBXProject "ToDoList" */ = {
			isa = XCConfigurationList;
			buildConfigurations = (
				6735C76E2A9B05E60054FF2B /* Debug */,
				6735C76F2A9B05E60054FF2B /* Release */,
			);
			defaultConfigurationIsVisible = 0;
			defaultConfigurationName = Release;
		};
		6735C7702A9B05E60054FF2B /* Build configuration list for PBXNativeTarget "ToDoList" */ = {
			isa = XCConfigurationList;
			buildConfigurations = (
				6735C7712A9B05E60054FF2B /* Debug */,
				6735C7722A9B05E60054FF2B /* Release */,
			);
			defaultConfigurationIsVisible = 0;
			defaultConfigurationName = Release;
		};
/* End XCConfigurationList section */
	};
	rootObject = 6735C7542A9B05E50054FF2B /* Project object */;
}
